
Microsoft Visual Studio Solution File, Format Version 12.00
# Visual Studio Version 17
VisualStudioVersion = 17.8.34511.84
MinimumVisualStudioVersion = 10.0.40219.1
Project("{9A19103F-16F7-4668-BE54-9A1E7A4F7556}") = "CineQuebec.Windows", "CineQuebec.Windows\CineQuebec.Windows.csproj", "{D539ED09-DF5B-45DF-B781-247A0FB86B74}"
EndProject
Project("{9A19103F-16F7-4668-BE54-9A1E7A4F7556}") = "CineQuebec.Windows.DAL.Tests", "CineQuebec.Windows.Tests\CineQuebec.Windows.DAL.Tests.csproj", "{83716A17-4C9D-4A63-8BF1-8CC8B1494E1D}"
EndProject
Project("{9A19103F-16F7-4668-BE54-9A1E7A4F7556}") = "CineQuebec.Windows.DAL", "CineQuebec.Windows.DAL\CineQuebec.Windows.DAL.csproj", "{96685A26-12C9-47D2-A5A1-29B2AFF7EC1A}"
EndProject
Project("{9A19103F-16F7-4668-BE54-9A1E7A4F7556}") = "CineQuebec.Windows.BLL", "CineQuebec.Windows.BLL\CineQuebec.Windows.BLL.csproj", "{1AD10973-2BF3-4BFC-AEF5-07AB9CCEEF36}"
EndProject
Project("{9A19103F-16F7-4668-BE54-9A1E7A4F7556}") = "CineQuebec.Windows.Tests.UI", "CineQuebec.Windows.Tests.UI\CineQuebec.Windows.Tests.UI.csproj", "{30A02D2E-DC5B-4573-949C-BBFD55BEC1E2}"
EndProject
Project("{9A19103F-16F7-4668-BE54-9A1E7A4F7556}") = "CineQuebec.Windows.BLL.Tests", "CineQuebec.Windows.BLL.Tests\CineQuebec.Windows.BLL.Tests.csproj", "{DA151367-79CC-49BD-B549-A838B554E82B}"
EndProject
Global
	GlobalSection(SolutionConfigurationPlatforms) = preSolution
		Debug|Any CPU = Debug|Any CPU
		Release|Any CPU = Release|Any CPU
	EndGlobalSection
	GlobalSection(ProjectConfigurationPlatforms) = postSolution
		{D539ED09-DF5B-45DF-B781-247A0FB86B74}.Debug|Any CPU.ActiveCfg = Debug|Any CPU
		{D539ED09-DF5B-45DF-B781-247A0FB86B74}.Debug|Any CPU.Build.0 = Debug|Any CPU
		{D539ED09-DF5B-45DF-B781-247A0FB86B74}.Release|Any CPU.ActiveCfg = Release|Any CPU
		{D539ED09-DF5B-45DF-B781-247A0FB86B74}.Release|Any CPU.Build.0 = Release|Any CPU
		{83716A17-4C9D-4A63-8BF1-8CC8B1494E1D}.Debug|Any CPU.ActiveCfg = Debug|Any CPU
		{83716A17-4C9D-4A63-8BF1-8CC8B1494E1D}.Debug|Any CPU.Build.0 = Debug|Any CPU
		{83716A17-4C9D-4A63-8BF1-8CC8B1494E1D}.Release|Any CPU.ActiveCfg = Release|Any CPU
		{83716A17-4C9D-4A63-8BF1-8CC8B1494E1D}.Release|Any CPU.Build.0 = Release|Any CPU
		{96685A26-12C9-47D2-A5A1-29B2AFF7EC1A}.Debug|Any CPU.ActiveCfg = Debug|Any CPU
		{96685A26-12C9-47D2-A5A1-29B2AFF7EC1A}.Debug|Any CPU.Build.0 = Debug|Any CPU
		{96685A26-12C9-47D2-A5A1-29B2AFF7EC1A}.Release|Any CPU.ActiveCfg = Release|Any CPU
		{96685A26-12C9-47D2-A5A1-29B2AFF7EC1A}.Release|Any CPU.Build.0 = Release|Any CPU
		{1AD10973-2BF3-4BFC-AEF5-07AB9CCEEF36}.Debug|Any CPU.ActiveCfg = Debug|Any CPU
		{1AD10973-2BF3-4BFC-AEF5-07AB9CCEEF36}.Debug|Any CPU.Build.0 = Debug|Any CPU
		{1AD10973-2BF3-4BFC-AEF5-07AB9CCEEF36}.Release|Any CPU.ActiveCfg = Release|Any CPU
		{1AD10973-2BF3-4BFC-AEF5-07AB9CCEEF36}.Release|Any CPU.Build.0 = Release|Any CPU
		{30A02D2E-DC5B-4573-949C-BBFD55BEC1E2}.Debug|Any CPU.ActiveCfg = Debug|Any CPU
		{30A02D2E-DC5B-4573-949C-BBFD55BEC1E2}.Debug|Any CPU.Build.0 = Debug|Any CPU
		{30A02D2E-DC5B-4573-949C-BBFD55BEC1E2}.Release|Any CPU.ActiveCfg = Release|Any CPU
		{30A02D2E-DC5B-4573-949C-BBFD55BEC1E2}.Release|Any CPU.Build.0 = Release|Any CPU
		{DA151367-79CC-49BD-B549-A838B554E82B}.Debug|Any CPU.ActiveCfg = Debug|Any CPU
		{DA151367-79CC-49BD-B549-A838B554E82B}.Debug|Any CPU.Build.0 = Debug|Any CPU
		{DA151367-79CC-49BD-B549-A838B554E82B}.Release|Any CPU.ActiveCfg = Release|Any CPU
		{DA151367-79CC-49BD-B549-A838B554E82B}.Release|Any CPU.Build.0 = Release|Any CPU
	EndGlobalSection
	GlobalSection(SolutionProperties) = preSolution
		HideSolutionNode = FALSE
	EndGlobalSection
	GlobalSection(ExtensibilityGlobals) = postSolution
		SolutionGuid = {C52FB3C3-F7DC-49E7-859D-331517CE7486}
	EndGlobalSection
EndGlobal
