
Microsoft Visual Studio Solution File, Format Version 12.00
# Visual Studio Version 17
VisualStudioVersion = 17.8.34511.84
MinimumVisualStudioVersion = 10.0.40219.1
Project("{9A19103F-16F7-4668-BE54-9A1E7A4F7556}") = "CineQuebec.Windows", "CineQuebec.Windows\CineQuebec.Windows.csproj", "{D539ED09-DF5B-45DF-B781-247A0FB86B74}"
EndProject
Global
	GlobalSection(SolutionConfigurationPlatforms) = preSolution
		Debug|Any CPU = Debug|Any CPU
		Release|Any CPU = Release|Any CPU
	EndGlobalSection
	GlobalSection(ProjectConfigurationPlatforms) = postSolution
		{D539ED09-DF5B-45DF-B781-247A0FB86B74}.Debug|Any CPU.ActiveCfg = Debug|Any CPU
		{D539ED09-DF5B-45DF-B781-247A0FB86B74}.Debug|Any CPU.Build.0 = Debug|Any CPU
		{D539ED09-DF5B-45DF-B781-247A0FB86B74}.Release|Any CPU.ActiveCfg = Release|Any CPU
		{D539ED09-DF5B-45DF-B781-247A0FB86B74}.Release|Any CPU.Build.0 = Release|Any CPU
	EndGlobalSection
	GlobalSection(SolutionProperties) = preSolution
		HideSolutionNode = FALSE
	EndGlobalSection
	GlobalSection(ExtensibilityGlobals) = postSolution
		SolutionGuid = {C52FB3C3-F7DC-49E7-859D-331517CE7486}
	EndGlobalSection
EndGlobal
